
Microsoft Visual Studio Solution File, Format Version 12.00
# Visual Studio 15
VisualStudioVersion = 15.0.27130.2010
MinimumVisualStudioVersion = 10.0.40219.1
Project("{FAE04EC0-301F-11D3-BF4B-00C04F79EFBC}") = "ConsoleApp", "ConsoleApp\ConsoleApp.csproj", "{1E429A25-40FC-41E9-A9E9-F691C6A7AC61}"
EndProject
Project("{FAE04EC0-301F-11D3-BF4B-00C04F79EFBC}") = "NewInCSharp7", "NewInCSharp7\NewInCSharp7.csproj", "{B933F7DA-F731-44AC-9269-385F428E2A2E}"
EndProject
Global
	GlobalSection(SolutionConfigurationPlatforms) = preSolution
		Debug|Any CPU = Debug|Any CPU
		Release|Any CPU = Release|Any CPU
	EndGlobalSection
	GlobalSection(ProjectConfigurationPlatforms) = postSolution
		{1E429A25-40FC-41E9-A9E9-F691C6A7AC61}.Debug|Any CPU.ActiveCfg = Debug|Any CPU
		{1E429A25-40FC-41E9-A9E9-F691C6A7AC61}.Debug|Any CPU.Build.0 = Debug|Any CPU
		{1E429A25-40FC-41E9-A9E9-F691C6A7AC61}.Release|Any CPU.ActiveCfg = Release|Any CPU
		{1E429A25-40FC-41E9-A9E9-F691C6A7AC61}.Release|Any CPU.Build.0 = Release|Any CPU
		{B933F7DA-F731-44AC-9269-385F428E2A2E}.Debug|Any CPU.ActiveCfg = Debug|Any CPU
		{B933F7DA-F731-44AC-9269-385F428E2A2E}.Debug|Any CPU.Build.0 = Debug|Any CPU
		{B933F7DA-F731-44AC-9269-385F428E2A2E}.Release|Any CPU.ActiveCfg = Release|Any CPU
		{B933F7DA-F731-44AC-9269-385F428E2A2E}.Release|Any CPU.Build.0 = Release|Any CPU
	EndGlobalSection
	GlobalSection(SolutionProperties) = preSolution
		HideSolutionNode = FALSE
	EndGlobalSection
	GlobalSection(ExtensibilityGlobals) = postSolution
		SolutionGuid = {56287EA2-D161-4618-B812-2040549D5463}
	EndGlobalSection
EndGlobal
